// !$*UTF8*$!
{
	archiveVersion = 1;
	classes = {
	};
	objectVersion = 46;
	objects = {

/* Begin PBXBuildFile section */
		F314A8C016CEEFC700C75A87 /* cardback.png in Resources */ = {isa = PBXBuildFile; fileRef = F314A8BF16CEEFC700C75A87 /* cardback.png */; };
		F35E376F16CC470500772AF9 /* UIKit.framework in Frameworks */ = {isa = PBXBuildFile; fileRef = F35E376E16CC470500772AF9 /* UIKit.framework */; };
		F35E377116CC470500772AF9 /* Foundation.framework in Frameworks */ = {isa = PBXBuildFile; fileRef = F35E377016CC470500772AF9 /* Foundation.framework */; };
		F35E377316CC470500772AF9 /* CoreGraphics.framework in Frameworks */ = {isa = PBXBuildFile; fileRef = F35E377216CC470500772AF9 /* CoreGraphics.framework */; };
		F35E377916CC470500772AF9 /* InfoPlist.strings in Resources */ = {isa = PBXBuildFile; fileRef = F35E377716CC470500772AF9 /* InfoPlist.strings */; };
		F35E377B16CC470500772AF9 /* main.m in Sources */ = {isa = PBXBuildFile; fileRef = F35E377A16CC470500772AF9 /* main.m */; };
		F35E377F16CC470500772AF9 /* CardMatchingAppDelegate.m in Sources */ = {isa = PBXBuildFile; fileRef = F35E377E16CC470500772AF9 /* CardMatchingAppDelegate.m */; };
		F35E378116CC470500772AF9 /* Default.png in Resources */ = {isa = PBXBuildFile; fileRef = F35E378016CC470500772AF9 /* Default.png */; };
		F35E378316CC470500772AF9 /* Default@2x.png in Resources */ = {isa = PBXBuildFile; fileRef = F35E378216CC470500772AF9 /* Default@2x.png */; };
		F35E378516CC470500772AF9 /* Default-568h@2x.png in Resources */ = {isa = PBXBuildFile; fileRef = F35E378416CC470500772AF9 /* Default-568h@2x.png */; };
		F35E378816CC470500772AF9 /* MainStoryboard_iPhone.storyboard in Resources */ = {isa = PBXBuildFile; fileRef = F35E378616CC470500772AF9 /* MainStoryboard_iPhone.storyboard */; };
		F35E378B16CC470500772AF9 /* MainStoryboard_iPad.storyboard in Resources */ = {isa = PBXBuildFile; fileRef = F35E378916CC470500772AF9 /* MainStoryboard_iPad.storyboard */; };
		F35E378E16CC470500772AF9 /* CardMatchingViewController.m in Sources */ = {isa = PBXBuildFile; fileRef = F35E378D16CC470500772AF9 /* CardMatchingViewController.m */; };
		F35E379716CC4C1900772AF9 /* Card.m in Sources */ = {isa = PBXBuildFile; fileRef = F35E379616CC4C1900772AF9 /* Card.m */; };
		F35E379A16CC4C3D00772AF9 /* Deck.m in Sources */ = {isa = PBXBuildFile; fileRef = F35E379916CC4C3D00772AF9 /* Deck.m */; };
		F35E379D16CC4F1B00772AF9 /* PlayingCard.m in Sources */ = {isa = PBXBuildFile; fileRef = F35E379C16CC4F1B00772AF9 /* PlayingCard.m */; };
		F35E37A116CC54E200772AF9 /* PlayingCardDeck.m in Sources */ = {isa = PBXBuildFile; fileRef = F35E37A016CC54E200772AF9 /* PlayingCardDeck.m */; };
		F37722DC16D11D8900C97918 /* BaseCardGameViewController.m in Sources */ = {isa = PBXBuildFile; fileRef = F37722DB16D11D8900C97918 /* BaseCardGameViewController.m */; };
		F37722DF16D11ED400C97918 /* Game.m in Sources */ = {isa = PBXBuildFile; fileRef = F37722DE16D11ED400C97918 /* Game.m */; };
		F37722E516D133EF00C97918 /* SetCardDeck.m in Sources */ = {isa = PBXBuildFile; fileRef = F37722E416D133EF00C97918 /* SetCardDeck.m */; };
		F37722E816D1340900C97918 /* SetCard.m in Sources */ = {isa = PBXBuildFile; fileRef = F37722E716D1340900C97918 /* SetCard.m */; };
		F37722EC16D1343D00C97918 /* SetGameViewController.m in Sources */ = {isa = PBXBuildFile; fileRef = F37722EB16D1343D00C97918 /* SetGameViewController.m */; };
		F3902EDD16CD6CA1002CD1A2 /* CardMatchingGame.m in Sources */ = {isa = PBXBuildFile; fileRef = F3902EDC16CD6CA1002CD1A2 /* CardMatchingGame.m */; };
/* End PBXBuildFile section */

/* Begin PBXFileReference section */
		F314A8BF16CEEFC700C75A87 /* cardback.png */ = {isa = PBXFileReference; lastKnownFileType = image.png; path = cardback.png; sourceTree = "<group>"; };
		F35E376B16CC470500772AF9 /* CardMatchingGame.app */ = {isa = PBXFileReference; explicitFileType = wrapper.application; includeInIndex = 0; path = CardMatchingGame.app; sourceTree = BUILT_PRODUCTS_DIR; };
		F35E376E16CC470500772AF9 /* UIKit.framework */ = {isa = PBXFileReference; lastKnownFileType = wrapper.framework; name = UIKit.framework; path = System/Library/Frameworks/UIKit.framework; sourceTree = SDKROOT; };
		F35E377016CC470500772AF9 /* Foundation.framework */ = {isa = PBXFileReference; lastKnownFileType = wrapper.framework; name = Foundation.framework; path = System/Library/Frameworks/Foundation.framework; sourceTree = SDKROOT; };
		F35E377216CC470500772AF9 /* CoreGraphics.framework */ = {isa = PBXFileReference; lastKnownFileType = wrapper.framework; name = CoreGraphics.framework; path = System/Library/Frameworks/CoreGraphics.framework; sourceTree = SDKROOT; };
		F35E377616CC470500772AF9 /* CardMatchingGame-Info.plist */ = {isa = PBXFileReference; lastKnownFileType = text.plist.xml; path = "CardMatchingGame-Info.plist"; sourceTree = "<group>"; };
		F35E377816CC470500772AF9 /* en */ = {isa = PBXFileReference; lastKnownFileType = text.plist.strings; name = en; path = en.lproj/InfoPlist.strings; sourceTree = "<group>"; };
		F35E377A16CC470500772AF9 /* main.m */ = {isa = PBXFileReference; lastKnownFileType = sourcecode.c.objc; path = main.m; sourceTree = "<group>"; };
		F35E377C16CC470500772AF9 /* CardMatchingGame-Prefix.pch */ = {isa = PBXFileReference; lastKnownFileType = sourcecode.c.h; path = "CardMatchingGame-Prefix.pch"; sourceTree = "<group>"; };
		F35E377D16CC470500772AF9 /* CardMatchingAppDelegate.h */ = {isa = PBXFileReference; lastKnownFileType = sourcecode.c.h; path = CardMatchingAppDelegate.h; sourceTree = "<group>"; };
		F35E377E16CC470500772AF9 /* CardMatchingAppDelegate.m */ = {isa = PBXFileReference; lastKnownFileType = sourcecode.c.objc; path = CardMatchingAppDelegate.m; sourceTree = "<group>"; };
		F35E378016CC470500772AF9 /* Default.png */ = {isa = PBXFileReference; lastKnownFileType = image.png; path = Default.png; sourceTree = "<group>"; };
		F35E378216CC470500772AF9 /* Default@2x.png */ = {isa = PBXFileReference; lastKnownFileType = image.png; path = "Default@2x.png"; sourceTree = "<group>"; };
		F35E378416CC470500772AF9 /* Default-568h@2x.png */ = {isa = PBXFileReference; lastKnownFileType = image.png; path = "Default-568h@2x.png"; sourceTree = "<group>"; };
		F35E378716CC470500772AF9 /* en */ = {isa = PBXFileReference; lastKnownFileType = file.storyboard; name = en; path = en.lproj/MainStoryboard_iPhone.storyboard; sourceTree = "<group>"; };
		F35E378A16CC470500772AF9 /* en */ = {isa = PBXFileReference; lastKnownFileType = file.storyboard; name = en; path = en.lproj/MainStoryboard_iPad.storyboard; sourceTree = "<group>"; };
		F35E378C16CC470500772AF9 /* CardMatchingViewController.h */ = {isa = PBXFileReference; lastKnownFileType = sourcecode.c.h; path = CardMatchingViewController.h; sourceTree = "<group>"; };
		F35E378D16CC470500772AF9 /* CardMatchingViewController.m */ = {isa = PBXFileReference; lastKnownFileType = sourcecode.c.objc; path = CardMatchingViewController.m; sourceTree = "<group>"; };
		F35E379516CC4C1900772AF9 /* Card.h */ = {isa = PBXFileReference; fileEncoding = 4; lastKnownFileType = sourcecode.c.h; name = Card.h; path = Model/Card.h; sourceTree = "<group>"; };
		F35E379616CC4C1900772AF9 /* Card.m */ = {isa = PBXFileReference; fileEncoding = 4; lastKnownFileType = sourcecode.c.objc; name = Card.m; path = Model/Card.m; sourceTree = "<group>"; };
		F35E379816CC4C3D00772AF9 /* Deck.h */ = {isa = PBXFileReference; fileEncoding = 4; lastKnownFileType = sourcecode.c.h; name = Deck.h; path = Model/Deck.h; sourceTree = "<group>"; };
		F35E379916CC4C3D00772AF9 /* Deck.m */ = {isa = PBXFileReference; fileEncoding = 4; lastKnownFileType = sourcecode.c.objc; name = Deck.m; path = Model/Deck.m; sourceTree = "<group>"; };
		F35E379B16CC4F1B00772AF9 /* PlayingCard.h */ = {isa = PBXFileReference; fileEncoding = 4; lastKnownFileType = sourcecode.c.h; name = PlayingCard.h; path = Model/PlayingCard.h; sourceTree = "<group>"; };
		F35E379C16CC4F1B00772AF9 /* PlayingCard.m */ = {isa = PBXFileReference; fileEncoding = 4; lastKnownFileType = sourcecode.c.objc; name = PlayingCard.m; path = Model/PlayingCard.m; sourceTree = "<group>"; };
		F35E379F16CC54E200772AF9 /* PlayingCardDeck.h */ = {isa = PBXFileReference; fileEncoding = 4; lastKnownFileType = sourcecode.c.h; name = PlayingCardDeck.h; path = Model/PlayingCardDeck.h; sourceTree = "<group>"; };
		F35E37A016CC54E200772AF9 /* PlayingCardDeck.m */ = {isa = PBXFileReference; fileEncoding = 4; lastKnownFileType = sourcecode.c.objc; name = PlayingCardDeck.m; path = Model/PlayingCardDeck.m; sourceTree = "<group>"; };
		F37722DA16D11D8900C97918 /* BaseCardGameViewController.h */ = {isa = PBXFileReference; fileEncoding = 4; lastKnownFileType = sourcecode.c.h; name = BaseCardGameViewController.h; path = Controller/Base/BaseCardGameViewController.h; sourceTree = "<group>"; };
		F37722DB16D11D8900C97918 /* BaseCardGameViewController.m */ = {isa = PBXFileReference; fileEncoding = 4; lastKnownFileType = sourcecode.c.objc; name = BaseCardGameViewController.m; path = Controller/Base/BaseCardGameViewController.m; sourceTree = "<group>"; };
		F37722DD16D11ED400C97918 /* Game.h */ = {isa = PBXFileReference; fileEncoding = 4; lastKnownFileType = sourcecode.c.h; name = Game.h; path = Model/Base/Game.h; sourceTree = "<group>"; };
		F37722DE16D11ED400C97918 /* Game.m */ = {isa = PBXFileReference; fileEncoding = 4; lastKnownFileType = sourcecode.c.objc; name = Game.m; path = Model/Base/Game.m; sourceTree = "<group>"; };
		F37722E316D133EF00C97918 /* SetCardDeck.h */ = {isa = PBXFileReference; fileEncoding = 4; lastKnownFileType = sourcecode.c.h; name = SetCardDeck.h; path = Model/Set/SetCardDeck.h; sourceTree = "<group>"; };
		F37722E416D133EF00C97918 /* SetCardDeck.m */ = {isa = PBXFileReference; fileEncoding = 4; lastKnownFileType = sourcecode.c.objc; name = SetCardDeck.m; path = Model/Set/SetCardDeck.m; sourceTree = "<group>"; };
		F37722E616D1340900C97918 /* SetCard.h */ = {isa = PBXFileReference; fileEncoding = 4; lastKnownFileType = sourcecode.c.h; name = SetCard.h; path = Model/Set/SetCard.h; sourceTree = "<group>"; };
		F37722E716D1340900C97918 /* SetCard.m */ = {isa = PBXFileReference; fileEncoding = 4; lastKnownFileType = sourcecode.c.objc; name = SetCard.m; path = Model/Set/SetCard.m; sourceTree = "<group>"; };
		F37722EA16D1343D00C97918 /* SetGameViewController.h */ = {isa = PBXFileReference; fileEncoding = 4; lastKnownFileType = sourcecode.c.h; name = SetGameViewController.h; path = Controller/Set/SetGameViewController.h; sourceTree = "<group>"; };
		F37722EB16D1343D00C97918 /* SetGameViewController.m */ = {isa = PBXFileReference; fileEncoding = 4; lastKnownFileType = sourcecode.c.objc; name = SetGameViewController.m; path = Controller/Set/SetGameViewController.m; sourceTree = "<group>"; };
		F3902EDB16CD6CA1002CD1A2 /* CardMatchingGame.h */ = {isa = PBXFileReference; fileEncoding = 4; lastKnownFileType = sourcecode.c.h; path = CardMatchingGame.h; sourceTree = "<group>"; };
		F3902EDC16CD6CA1002CD1A2 /* CardMatchingGame.m */ = {isa = PBXFileReference; fileEncoding = 4; lastKnownFileType = sourcecode.c.objc; path = CardMatchingGame.m; sourceTree = "<group>"; };
/* End PBXFileReference section */

/* Begin PBXFrameworksBuildPhase section */
		F35E376816CC470500772AF9 /* Frameworks */ = {
			isa = PBXFrameworksBuildPhase;
			buildActionMask = 2147483647;
			files = (
				F35E376F16CC470500772AF9 /* UIKit.framework in Frameworks */,
				F35E377116CC470500772AF9 /* Foundation.framework in Frameworks */,
				F35E377316CC470500772AF9 /* CoreGraphics.framework in Frameworks */,
			);
			runOnlyForDeploymentPostprocessing = 0;
		};
/* End PBXFrameworksBuildPhase section */

/* Begin PBXGroup section */
		F35E376216CC470500772AF9 = {
			isa = PBXGroup;
			children = (
				F35E377416CC470500772AF9 /* CardMatchingGame */,
				F35E376D16CC470500772AF9 /* Frameworks */,
				F35E376C16CC470500772AF9 /* Products */,
			);
			sourceTree = "<group>";
		};
		F35E376C16CC470500772AF9 /* Products */ = {
			isa = PBXGroup;
			children = (
				F35E376B16CC470500772AF9 /* CardMatchingGame.app */,
			);
			name = Products;
			sourceTree = "<group>";
		};
		F35E376D16CC470500772AF9 /* Frameworks */ = {
			isa = PBXGroup;
			children = (
				F35E376E16CC470500772AF9 /* UIKit.framework */,
				F35E377016CC470500772AF9 /* Foundation.framework */,
				F35E377216CC470500772AF9 /* CoreGraphics.framework */,
			);
			name = Frameworks;
			sourceTree = "<group>";
		};
		F35E377416CC470500772AF9 /* CardMatchingGame */ = {
			isa = PBXGroup;
			children = (
				F37722D816D11CFF00C97918 /* Controller */,
				F37722D716D11CEA00C97918 /* View */,
				F35E379416CC4BF700772AF9 /* Model */,
				F35E377516CC470500772AF9 /* Supporting Files */,
			);
			path = CardMatchingGame;
			sourceTree = "<group>";
		};
		F35E377516CC470500772AF9 /* Supporting Files */ = {
			isa = PBXGroup;
			children = (
				F35E377D16CC470500772AF9 /* CardMatchingAppDelegate.h */,
				F35E377E16CC470500772AF9 /* CardMatchingAppDelegate.m */,
				F314A8BF16CEEFC700C75A87 /* cardback.png */,
				F35E377616CC470500772AF9 /* CardMatchingGame-Info.plist */,
				F35E377716CC470500772AF9 /* InfoPlist.strings */,
				F35E377A16CC470500772AF9 /* main.m */,
				F35E377C16CC470500772AF9 /* CardMatchingGame-Prefix.pch */,
				F35E378016CC470500772AF9 /* Default.png */,
				F35E378216CC470500772AF9 /* Default@2x.png */,
				F35E378416CC470500772AF9 /* Default-568h@2x.png */,
			);
			name = "Supporting Files";
			sourceTree = "<group>";
		};
		F35E379416CC4BF700772AF9 /* Model */ = {
			isa = PBXGroup;
			children = (
				F37722E216D1338E00C97918 /* Set */,
				F37722E016D1264400C97918 /* Matchismo */,
				F35E379E16CC4F1F00772AF9 /* Base */,
			);
			name = Model;
			sourceTree = "<group>";
		};
		F35E379E16CC4F1F00772AF9 /* Base */ = {
			isa = PBXGroup;
			children = (
				F3902EDB16CD6CA1002CD1A2 /* CardMatchingGame.h */,
				F3902EDC16CD6CA1002CD1A2 /* CardMatchingGame.m */,
				F35E379516CC4C1900772AF9 /* Card.h */,
				F35E379616CC4C1900772AF9 /* Card.m */,
				F35E379816CC4C3D00772AF9 /* Deck.h */,
				F35E379916CC4C3D00772AF9 /* Deck.m */,
				F37722DD16D11ED400C97918 /* Game.h */,
				F37722DE16D11ED400C97918 /* Game.m */,
			);
			name = Base;
			sourceTree = "<group>";
		};
		F37722D716D11CEA00C97918 /* View */ = {
			isa = PBXGroup;
			children = (
				F35E378616CC470500772AF9 /* MainStoryboard_iPhone.storyboard */,
				F35E378916CC470500772AF9 /* MainStoryboard_iPad.storyboard */,
			);
			name = View;
			sourceTree = "<group>";
		};
		F37722D816D11CFF00C97918 /* Controller */ = {
			isa = PBXGroup;
			children = (
				F37722E916D1341400C97918 /* Set */,
				F37722E116D12E2500C97918 /* Matchismo */,
				F37722D916D11D3500C97918 /* Base */,
			);
			name = Controller;
			sourceTree = "<group>";
		};
		F37722D916D11D3500C97918 /* Base */ = {
			isa = PBXGroup;
			children = (
				F37722DA16D11D8900C97918 /* BaseCardGameViewController.h */,
				F37722DB16D11D8900C97918 /* BaseCardGameViewController.m */,
			);
			name = Base;
			sourceTree = "<group>";
		};
		F37722E016D1264400C97918 /* Matchismo */ = {
			isa = PBXGroup;
			children = (
				F35E379B16CC4F1B00772AF9 /* PlayingCard.h */,
				F35E379C16CC4F1B00772AF9 /* PlayingCard.m */,
				F35E379F16CC54E200772AF9 /* PlayingCardDeck.h */,
				F35E37A016CC54E200772AF9 /* PlayingCardDeck.m */,
			);
			name = Matchismo;
			sourceTree = "<group>";
		};
		F37722E116D12E2500C97918 /* Matchismo */ = {
			isa = PBXGroup;
			children = (
				F35E378C16CC470500772AF9 /* CardMatchingViewController.h */,
				F35E378D16CC470500772AF9 /* CardMatchingViewController.m */,
			);
			name = Matchismo;
			sourceTree = "<group>";
		};
		F37722E216D1338E00C97918 /* Set */ = {
			isa = PBXGroup;
			children = (
				F37722E316D133EF00C97918 /* SetCardDeck.h */,
				F37722E416D133EF00C97918 /* SetCardDeck.m */,
				F37722E616D1340900C97918 /* SetCard.h */,
				F37722E716D1340900C97918 /* SetCard.m */,
			);
			name = Set;
			sourceTree = "<group>";
		};
		F37722E916D1341400C97918 /* Set */ = {
			isa = PBXGroup;
			children = (
				F37722EA16D1343D00C97918 /* SetGameViewController.h */,
				F37722EB16D1343D00C97918 /* SetGameViewController.m */,
			);
			name = Set;
			sourceTree = "<group>";
		};
/* End PBXGroup section */

/* Begin PBXNativeTarget section */
		F35E376A16CC470500772AF9 /* CardMatchingGame */ = {
			isa = PBXNativeTarget;
			buildConfigurationList = F35E379116CC470500772AF9 /* Build configuration list for PBXNativeTarget "CardMatchingGame" */;
			buildPhases = (
				F35E376716CC470500772AF9 /* Sources */,
				F35E376816CC470500772AF9 /* Frameworks */,
				F35E376916CC470500772AF9 /* Resources */,
			);
			buildRules = (
			);
			dependencies = (
			);
			name = CardMatchingGame;
			productName = CardMatchingGame;
			productReference = F35E376B16CC470500772AF9 /* CardMatchingGame.app */;
			productType = "com.apple.product-type.application";
		};
/* End PBXNativeTarget section */

/* Begin PBXProject section */
		F35E376316CC470500772AF9 /* Project object */ = {
			isa = PBXProject;
			attributes = {
				CLASSPREFIX = CardMatching;
				LastUpgradeCheck = 0460;
				ORGANIZATIONNAME = "Thomas Ragger";
			};
			buildConfigurationList = F35E376616CC470500772AF9 /* Build configuration list for PBXProject "CardMatchingGame" */;
			compatibilityVersion = "Xcode 3.2";
			developmentRegion = English;
			hasScannedForEncodings = 0;
			knownRegions = (
				en,
			);
			mainGroup = F35E376216CC470500772AF9;
			productRefGroup = F35E376C16CC470500772AF9 /* Products */;
			projectDirPath = "";
			projectRoot = "";
			targets = (
				F35E376A16CC470500772AF9 /* CardMatchingGame */,
			);
		};
/* End PBXProject section */

/* Begin PBXResourcesBuildPhase section */
		F35E376916CC470500772AF9 /* Resources */ = {
			isa = PBXResourcesBuildPhase;
			buildActionMask = 2147483647;
			files = (
				F35E377916CC470500772AF9 /* InfoPlist.strings in Resources */,
				F35E378116CC470500772AF9 /* Default.png in Resources */,
				F35E378316CC470500772AF9 /* Default@2x.png in Resources */,
				F35E378516CC470500772AF9 /* Default-568h@2x.png in Resources */,
				F35E378816CC470500772AF9 /* MainStoryboard_iPhone.storyboard in Resources */,
				F35E378B16CC470500772AF9 /* MainStoryboard_iPad.storyboard in Resources */,
				F314A8C016CEEFC700C75A87 /* cardback.png in Resources */,
			);
			runOnlyForDeploymentPostprocessing = 0;
		};
/* End PBXResourcesBuildPhase section */

/* Begin PBXSourcesBuildPhase section */
		F35E376716CC470500772AF9 /* Sources */ = {
			isa = PBXSourcesBuildPhase;
			buildActionMask = 2147483647;
			files = (
				F35E377B16CC470500772AF9 /* main.m in Sources */,
				F35E377F16CC470500772AF9 /* CardMatchingAppDelegate.m in Sources */,
				F35E378E16CC470500772AF9 /* CardMatchingViewController.m in Sources */,
				F35E379716CC4C1900772AF9 /* Card.m in Sources */,
				F35E379A16CC4C3D00772AF9 /* Deck.m in Sources */,
				F35E379D16CC4F1B00772AF9 /* PlayingCard.m in Sources */,
				F35E37A116CC54E200772AF9 /* PlayingCardDeck.m in Sources */,
				F3902EDD16CD6CA1002CD1A2 /* CardMatchingGame.m in Sources */,
				F37722DC16D11D8900C97918 /* BaseCardGameViewController.m in Sources */,
				F37722DF16D11ED400C97918 /* Game.m in Sources */,
				F37722E516D133EF00C97918 /* SetCardDeck.m in Sources */,
				F37722E816D1340900C97918 /* SetCard.m in Sources */,
				F37722EC16D1343D00C97918 /* SetGameViewController.m in Sources */,
			);
			runOnlyForDeploymentPostprocessing = 0;
		};
/* End PBXSourcesBuildPhase section */

/* Begin PBXVariantGroup section */
		F35E377716CC470500772AF9 /* InfoPlist.strings */ = {
			isa = PBXVariantGroup;
			children = (
				F35E377816CC470500772AF9 /* en */,
			);
			name = InfoPlist.strings;
			sourceTree = "<group>";
		};
		F35E378616CC470500772AF9 /* MainStoryboard_iPhone.storyboard */ = {
			isa = PBXVariantGroup;
			children = (
				F35E378716CC470500772AF9 /* en */,
			);
			name = MainStoryboard_iPhone.storyboard;
			sourceTree = "<group>";
		};
		F35E378916CC470500772AF9 /* MainStoryboard_iPad.storyboard */ = {
			isa = PBXVariantGroup;
			children = (
				F35E378A16CC470500772AF9 /* en */,
			);
			name = MainStoryboard_iPad.storyboard;
			sourceTree = "<group>";
		};
/* End PBXVariantGroup section */

/* Begin XCBuildConfiguration section */
		F35E378F16CC470500772AF9 /* Debug */ = {
			isa = XCBuildConfiguration;
			buildSettings = {
				ALWAYS_SEARCH_USER_PATHS = NO;
				CLANG_CXX_LANGUAGE_STANDARD = "gnu++0x";
				CLANG_CXX_LIBRARY = "libc++";
				CLANG_ENABLE_OBJC_ARC = YES;
				CLANG_WARN_CONSTANT_CONVERSION = YES;
				CLANG_WARN_EMPTY_BODY = YES;
				CLANG_WARN_ENUM_CONVERSION = YES;
				CLANG_WARN_INT_CONVERSION = YES;
				CLANG_WARN__DUPLICATE_METHOD_MATCH = YES;
				"CODE_SIGN_IDENTITY[sdk=iphoneos*]" = "iPhone Developer";
				COPY_PHASE_STRIP = NO;
				GCC_C_LANGUAGE_STANDARD = gnu99;
				GCC_DYNAMIC_NO_PIC = NO;
				GCC_OPTIMIZATION_LEVEL = 0;
				GCC_PREPROCESSOR_DEFINITIONS = (
					"DEBUG=1",
					"$(inherited)",
				);
				GCC_SYMBOLS_PRIVATE_EXTERN = NO;
				GCC_WARN_ABOUT_RETURN_TYPE = YES;
				GCC_WARN_UNINITIALIZED_AUTOS = YES;
				GCC_WARN_UNUSED_VARIABLE = YES;
				IPHONEOS_DEPLOYMENT_TARGET = 6.1;
				ONLY_ACTIVE_ARCH = YES;
				SDKROOT = iphoneos;
				TARGETED_DEVICE_FAMILY = "1,2";
			};
			name = Debug;
		};
		F35E379016CC470500772AF9 /* Release */ = {
			isa = XCBuildConfiguration;
			buildSettings = {
				ALWAYS_SEARCH_USER_PATHS = NO;
				CLANG_CXX_LANGUAGE_STANDARD = "gnu++0x";
				CLANG_CXX_LIBRARY = "libc++";
				CLANG_ENABLE_OBJC_ARC = YES;
				CLANG_WARN_CONSTANT_CONVERSION = YES;
				CLANG_WARN_EMPTY_BODY = YES;
				CLANG_WARN_ENUM_CONVERSION = YES;
				CLANG_WARN_INT_CONVERSION = YES;
				CLANG_WARN__DUPLICATE_METHOD_MATCH = YES;
				"CODE_SIGN_IDENTITY[sdk=iphoneos*]" = "iPhone Developer";
				COPY_PHASE_STRIP = YES;
				GCC_C_LANGUAGE_STANDARD = gnu99;
				GCC_WARN_ABOUT_RETURN_TYPE = YES;
				GCC_WARN_UNINITIALIZED_AUTOS = YES;
				GCC_WARN_UNUSED_VARIABLE = YES;
				IPHONEOS_DEPLOYMENT_TARGET = 6.1;
				OTHER_CFLAGS = "-DNS_BLOCK_ASSERTIONS=1";
				SDKROOT = iphoneos;
				TARGETED_DEVICE_FAMILY = "1,2";
				VALIDATE_PRODUCT = YES;
			};
			name = Release;
		};
		F35E379216CC470500772AF9 /* Debug */ = {
			isa = XCBuildConfiguration;
			buildSettings = {
				GCC_PRECOMPILE_PREFIX_HEADER = YES;
				GCC_PREFIX_HEADER = "CardMatchingGame/CardMatchingGame-Prefix.pch";
				INFOPLIST_FILE = "CardMatchingGame/CardMatchingGame-Info.plist";
				PRODUCT_NAME = "$(TARGET_NAME)";
				WRAPPER_EXTENSION = app;
			};
			name = Debug;
		};
		F35E379316CC470500772AF9 /* Release */ = {
			isa = XCBuildConfiguration;
			buildSettings = {
				GCC_PRECOMPILE_PREFIX_HEADER = YES;
				GCC_PREFIX_HEADER = "CardMatchingGame/CardMatchingGame-Prefix.pch";
				INFOPLIST_FILE = "CardMatchingGame/CardMatchingGame-Info.plist";
				PRODUCT_NAME = "$(TARGET_NAME)";
				WRAPPER_EXTENSION = app;
			};
			name = Release;
		};
/* End XCBuildConfiguration section */

/* Begin XCConfigurationList section */
		F35E376616CC470500772AF9 /* Build configuration list for PBXProject "CardMatchingGame" */ = {
			isa = XCConfigurationList;
			buildConfigurations = (
				F35E378F16CC470500772AF9 /* Debug */,
				F35E379016CC470500772AF9 /* Release */,
			);
			defaultConfigurationIsVisible = 0;
			defaultConfigurationName = Release;
		};
		F35E379116CC470500772AF9 /* Build configuration list for PBXNativeTarget "CardMatchingGame" */ = {
			isa = XCConfigurationList;
			buildConfigurations = (
				F35E379216CC470500772AF9 /* Debug */,
				F35E379316CC470500772AF9 /* Release */,
			);
			defaultConfigurationIsVisible = 0;
			defaultConfigurationName = Release;
		};
/* End XCConfigurationList section */
	};
	rootObject = F35E376316CC470500772AF9 /* Project object */;
}
